
Microsoft Visual Studio Solution File, Format Version 12.00
# Visual Studio Version 17
VisualStudioVersion = 17.5.33516.290
MinimumVisualStudioVersion = 10.0.40219.1
Project("{2150E333-8FDC-42A3-9474-1A3956D46DE8}") = "src", "src", "{D32DDDA2-D759-49B0-97DA-7B12F7626982}"
EndProject
Project("{2150E333-8FDC-42A3-9474-1A3956D46DE8}") = "Core", "Core", "{3497306E-1F61-4783-8F38-F832247918EA}"
EndProject
Project("{2150E333-8FDC-42A3-9474-1A3956D46DE8}") = "Infrastructure", "Infrastructure", "{D0A6EDE6-D803-4A76-9A2F-72599281FC11}"
EndProject
Project("{2150E333-8FDC-42A3-9474-1A3956D46DE8}") = "Presentation", "Presentation", "{4AB6C58A-661C-4223-B1C1-F5E412251E75}"
EndProject
Project("{FAE04EC0-301F-11D3-BF4B-00C04F79EFBC}") = "Application", "Application\Application.csproj", "{305BBF2C-137B-4950-9C18-F372BA73908B}"
EndProject
Project("{FAE04EC0-301F-11D3-BF4B-00C04F79EFBC}") = "Domain", "Domain\Domain.csproj", "{39273A48-9C2A-46ED-B309-97C9075E8956}"
EndProject
Project("{FAE04EC0-301F-11D3-BF4B-00C04F79EFBC}") = "Persistence", "Persistence\Persistence.csproj", "{E99FFF69-10CF-47E5-B0FE-D35E469BB474}"
EndProject
Project("{FAE04EC0-301F-11D3-BF4B-00C04F79EFBC}") = "Shared", "Shared\Shared.csproj", "{29A2583D-D831-4CBF-BF76-3D1E49E10EB2}"
EndProject
Project("{FAE04EC0-301F-11D3-BF4B-00C04F79EFBC}") = "WebAPI", "WebAPI\WebAPI.csproj", "{18BFC13D-4FA8-47C8-9F54-1C80972A036A}"
EndProject
Project("{FAE04EC0-301F-11D3-BF4B-00C04F79EFBC}") = "Identity", "Identity\Identity.csproj", "{462D0BC9-AD97-474B-BA4A-2C8E34BC50E3}"
EndProject
Global
	GlobalSection(SolutionConfigurationPlatforms) = preSolution
		Debug|Any CPU = Debug|Any CPU
		Release|Any CPU = Release|Any CPU
	EndGlobalSection
	GlobalSection(ProjectConfigurationPlatforms) = postSolution
		{305BBF2C-137B-4950-9C18-F372BA73908B}.Debug|Any CPU.ActiveCfg = Debug|Any CPU
		{305BBF2C-137B-4950-9C18-F372BA73908B}.Debug|Any CPU.Build.0 = Debug|Any CPU
		{305BBF2C-137B-4950-9C18-F372BA73908B}.Release|Any CPU.ActiveCfg = Release|Any CPU
		{305BBF2C-137B-4950-9C18-F372BA73908B}.Release|Any CPU.Build.0 = Release|Any CPU
		{39273A48-9C2A-46ED-B309-97C9075E8956}.Debug|Any CPU.ActiveCfg = Debug|Any CPU
		{39273A48-9C2A-46ED-B309-97C9075E8956}.Debug|Any CPU.Build.0 = Debug|Any CPU
		{39273A48-9C2A-46ED-B309-97C9075E8956}.Release|Any CPU.ActiveCfg = Release|Any CPU
		{39273A48-9C2A-46ED-B309-97C9075E8956}.Release|Any CPU.Build.0 = Release|Any CPU
		{E99FFF69-10CF-47E5-B0FE-D35E469BB474}.Debug|Any CPU.ActiveCfg = Debug|Any CPU
		{E99FFF69-10CF-47E5-B0FE-D35E469BB474}.Debug|Any CPU.Build.0 = Debug|Any CPU
		{E99FFF69-10CF-47E5-B0FE-D35E469BB474}.Release|Any CPU.ActiveCfg = Release|Any CPU
		{E99FFF69-10CF-47E5-B0FE-D35E469BB474}.Release|Any CPU.Build.0 = Release|Any CPU
		{29A2583D-D831-4CBF-BF76-3D1E49E10EB2}.Debug|Any CPU.ActiveCfg = Debug|Any CPU
		{29A2583D-D831-4CBF-BF76-3D1E49E10EB2}.Debug|Any CPU.Build.0 = Debug|Any CPU
		{29A2583D-D831-4CBF-BF76-3D1E49E10EB2}.Release|Any CPU.ActiveCfg = Release|Any CPU
		{29A2583D-D831-4CBF-BF76-3D1E49E10EB2}.Release|Any CPU.Build.0 = Release|Any CPU
		{18BFC13D-4FA8-47C8-9F54-1C80972A036A}.Debug|Any CPU.ActiveCfg = Debug|Any CPU
		{18BFC13D-4FA8-47C8-9F54-1C80972A036A}.Debug|Any CPU.Build.0 = Debug|Any CPU
		{18BFC13D-4FA8-47C8-9F54-1C80972A036A}.Release|Any CPU.ActiveCfg = Release|Any CPU
		{18BFC13D-4FA8-47C8-9F54-1C80972A036A}.Release|Any CPU.Build.0 = Release|Any CPU
		{462D0BC9-AD97-474B-BA4A-2C8E34BC50E3}.Debug|Any CPU.ActiveCfg = Debug|Any CPU
		{462D0BC9-AD97-474B-BA4A-2C8E34BC50E3}.Debug|Any CPU.Build.0 = Debug|Any CPU
		{462D0BC9-AD97-474B-BA4A-2C8E34BC50E3}.Release|Any CPU.ActiveCfg = Release|Any CPU
		{462D0BC9-AD97-474B-BA4A-2C8E34BC50E3}.Release|Any CPU.Build.0 = Release|Any CPU
	EndGlobalSection
	GlobalSection(SolutionProperties) = preSolution
		HideSolutionNode = FALSE
	EndGlobalSection
	GlobalSection(NestedProjects) = preSolution
		{3497306E-1F61-4783-8F38-F832247918EA} = {D32DDDA2-D759-49B0-97DA-7B12F7626982}
		{D0A6EDE6-D803-4A76-9A2F-72599281FC11} = {D32DDDA2-D759-49B0-97DA-7B12F7626982}
		{4AB6C58A-661C-4223-B1C1-F5E412251E75} = {D32DDDA2-D759-49B0-97DA-7B12F7626982}
		{305BBF2C-137B-4950-9C18-F372BA73908B} = {3497306E-1F61-4783-8F38-F832247918EA}
		{39273A48-9C2A-46ED-B309-97C9075E8956} = {3497306E-1F61-4783-8F38-F832247918EA}
		{E99FFF69-10CF-47E5-B0FE-D35E469BB474} = {D0A6EDE6-D803-4A76-9A2F-72599281FC11}
		{29A2583D-D831-4CBF-BF76-3D1E49E10EB2} = {D0A6EDE6-D803-4A76-9A2F-72599281FC11}
		{18BFC13D-4FA8-47C8-9F54-1C80972A036A} = {4AB6C58A-661C-4223-B1C1-F5E412251E75}
		{462D0BC9-AD97-474B-BA4A-2C8E34BC50E3} = {D0A6EDE6-D803-4A76-9A2F-72599281FC11}
	EndGlobalSection
	GlobalSection(ExtensibilityGlobals) = postSolution
		SolutionGuid = {F9CE8527-BED4-4711-9745-429B530DC49C}
	EndGlobalSection
EndGlobal
